
Microsoft Visual Studio Solution File, Format Version 12.00
# Visual Studio 15
VisualStudioVersion = 15.0.27703.2035
MinimumVisualStudioVersion = 10.0.40219.1
Project("{FAE04EC0-301F-11D3-BF4B-00C04F79EFBC}") = "HMS", "HMS\HMS.csproj", "{5752DA8C-715C-4B45-9549-AF88DA39F27E}"
EndProject
Global
	GlobalSection(SolutionConfigurationPlatforms) = preSolution
		Debug|Any CPU = Debug|Any CPU
		Release|Any CPU = Release|Any CPU
	EndGlobalSection
	GlobalSection(ProjectConfigurationPlatforms) = postSolution
		{5752DA8C-715C-4B45-9549-AF88DA39F27E}.Debug|Any CPU.ActiveCfg = Debug|Any CPU
		{5752DA8C-715C-4B45-9549-AF88DA39F27E}.Debug|Any CPU.Build.0 = Debug|Any CPU
		{5752DA8C-715C-4B45-9549-AF88DA39F27E}.Release|Any CPU.ActiveCfg = Release|Any CPU
		{5752DA8C-715C-4B45-9549-AF88DA39F27E}.Release|Any CPU.Build.0 = Release|Any CPU
	EndGlobalSection
	GlobalSection(SolutionProperties) = preSolution
		HideSolutionNode = FALSE
	EndGlobalSection
	GlobalSection(ExtensibilityGlobals) = postSolution
		SolutionGuid = {C420CB7F-50C7-45F9-A691-74EF73BA1088}
	EndGlobalSection
EndGlobal
